{
  "name": "pl",
  "version": "1.0.0",
  "lockfileVersion": 1,
  "requires": true,
  "dependencies": {
    "daggy": {
      "version": "1.3.0",
      "resolved": "https://registry.npmjs.org/daggy/-/daggy-1.3.0.tgz",
      "integrity": "sha512-hBEhOBwp3ZNR1TMh9qcpSjhZynHeAqmYVXVSH7drmRObSLXVL4UVBrlEb0quowH+33si3aLmcrxDzKRfEbjmRQ==",
      "requires": {
        "sanctuary-type-classes": "3.0.0",
        "sanctuary-type-identifiers": "1.0.0"
      }
    },
    "infestines": {
      "version": "0.4.11",
      "resolved": "https://registry.npmjs.org/infestines/-/infestines-0.4.11.tgz",
      "integrity": "sha512-09nHagZLOYUaXKHqdV+nxEaYaD0hRlKyhQMhgTMwfbvWpMkowXf4XLZzAkLq6Y90wZ7Wqm6aMoL2trBsNNKGeg=="
    },
    "partial.lenses": {
      "version": "14.17.0",
      "resolved": "https://registry.npmjs.org/partial.lenses/-/partial.lenses-14.17.0.tgz",
      "integrity": "sha512-Iq+wDw5b5iwmn7b9MO+//buOqF0YoAC2Hsj+HoeG88BGeT3NkL/YwHNGDrySyX7xZSqj0LFEWwfgGSj4cSFmXQ==",
      "requires": {
        "infestines": "^0.4.11"
      }
    },
    "sanctuary-type-classes": {
      "version": "3.0.0",
      "resolved": "https://registry.npmjs.org/sanctuary-type-classes/-/sanctuary-type-classes-3.0.0.tgz",
      "integrity": "sha1-5M9CKrzrjHi29iXYTWH9tcbUQRY=",
      "requires": {
        "sanctuary-type-identifiers": "1.0.x"
      }
    },
    "sanctuary-type-identifiers": {
      "version": "1.0.0",
      "resolved": "https://registry.npmjs.org/sanctuary-type-identifiers/-/sanctuary-type-identifiers-1.0.0.tgz",
      "integrity": "sha1-6PNZ8AbLXmJM+4RkYD/BFGCL3p8="
    }
  }
}
