# THIS IS AN AUTOGENERATED FILE. DO NOT EDIT THIS FILE DIRECTLY.
# yarn lockfile v1


daggy@^1.4.0:
  version "1.4.0"
  resolved "https://registry.yarnpkg.com/daggy/-/daggy-1.4.0.tgz#178b4722866e1c8fac7b91d4bbf171d3767c1573"
  integrity sha512-6g8sOIPMzriYtyoCfpM2bUobu2yj0UPdaPy+Yzdqow8RqJy/Dv2PrqiNOzCvbxUuT6B1eSbr2EmFPlLNfKFDzQ==
  dependencies:
    sanctuary-type-classes "3.0.0"
    sanctuary-type-identifiers "1.0.0"

infestines@^0.4.11:
  version "0.4.11"
  resolved "https://registry.yarnpkg.com/infestines/-/infestines-0.4.11.tgz#1d0d164ff1831ffcbafbd02f53bc60140dd52197"
  integrity sha512-09nHagZLOYUaXKHqdV+nxEaYaD0hRlKyhQMhgTMwfbvWpMkowXf4XLZzAkLq6Y90wZ7Wqm6aMoL2trBsNNKGeg==

partial.lenses@^14.17.0:
  version "14.17.0"
  resolved "https://registry.yarnpkg.com/partial.lenses/-/partial.lenses-14.17.0.tgz#5a57590668d5dfda6d2f7ac550068c1607e00eff"
  integrity sha512-Iq+wDw5b5iwmn7b9MO+//buOqF0YoAC2Hsj+HoeG88BGeT3NkL/YwHNGDrySyX7xZSqj0LFEWwfgGSj4cSFmXQ==
  dependencies:
    infestines "^0.4.11"

pratica@^1.4.16:
  version "1.4.16"
  resolved "https://registry.yarnpkg.com/pratica/-/pratica-1.4.16.tgz#3d62fd25db39e1cae19c0508c8227be9d20ee528"
  integrity sha512-UvjqcjuwYNSO2WaWfIwmLGVMYYn2RSlG9zyk+vmU7juJOHzd+mNfLyrsUvOI3LIflGosF6ObBTbyJfzZDAa2XQ==

sanctuary-type-classes@3.0.0:
  version "3.0.0"
  resolved "https://registry.yarnpkg.com/sanctuary-type-classes/-/sanctuary-type-classes-3.0.0.tgz#e4cf422abceb8c78b6f625d84d61fdb5c6d44116"
  integrity sha1-5M9CKrzrjHi29iXYTWH9tcbUQRY=
  dependencies:
    sanctuary-type-identifiers "1.0.x"

sanctuary-type-identifiers@1.0.0, sanctuary-type-identifiers@1.0.x:
  version "1.0.0"
  resolved "https://registry.yarnpkg.com/sanctuary-type-identifiers/-/sanctuary-type-identifiers-1.0.0.tgz#e8f359f006cb5e624cfb8464603fc114608bde9f"
  integrity sha1-6PNZ8AbLXmJM+4RkYD/BFGCL3p8=
